# This file is automatically @generated by Cargo.
# It is not intended for manual editing.
version = 4

[[package]]
name = "aztec-lint-aztec"
version = "0.1.0"
dependencies = [
 "aztec-lint-core",
]

[[package]]
name = "aztec-lint-cli"
version = "0.1.0"
dependencies = [
 "aztec-lint-aztec",
 "aztec-lint-core",
 "aztec-lint-rules",
]

[[package]]
name = "aztec-lint-core"
version = "0.1.0"

[[package]]
name = "aztec-lint-rules"
version = "0.1.0"
dependencies = [
 "aztec-lint-core",
]
